
Microsoft Visual Studio Solution File, Format Version 12.00
# Visual Studio Version 16
VisualStudioVersion = 25.0.1705.7
MinimumVisualStudioVersion = 10.0.40219.1
Project("{FAE04EC0-301F-11D3-BF4B-00C04F79EFBC}") = "PixKeyManager", "PixKeyManager\PixKeyManager.csproj", "{E8B6CF02-CDFA-4C44-A366-A304F12C8E32}"
EndProject
Project("{2150E333-8FDC-42A3-9474-1A3956D46DE8}") = "Solution Items", "Solution Items", "{CA34A017-8D87-4A83-9F90-2FAD4CA2C77D}"
EndProject
Global
	GlobalSection(SolutionConfigurationPlatforms) = preSolution
		Debug|Any CPU = Debug|Any CPU
		Release|Any CPU = Release|Any CPU
	EndGlobalSection
	GlobalSection(ProjectConfigurationPlatforms) = postSolution
		{E8B6CF02-CDFA-4C44-A366-A304F12C8E32}.Debug|Any CPU.ActiveCfg = Debug|Any CPU
		{E8B6CF02-CDFA-4C44-A366-A304F12C8E32}.Debug|Any CPU.Build.0 = Debug|Any CPU
		{E8B6CF02-CDFA-4C44-A366-A304F12C8E32}.Release|Any CPU.ActiveCfg = Release|Any CPU
		{E8B6CF02-CDFA-4C44-A366-A304F12C8E32}.Release|Any CPU.Build.0 = Release|Any CPU
	EndGlobalSection
	GlobalSection(SolutionProperties) = preSolution
		HideSolutionNode = FALSE
	EndGlobalSection
	GlobalSection(ExtensibilityGlobals) = postSolution
		SolutionGuid = {3447B95D-26D2-4B95-AA5A-C6FEA40D3613}
	EndGlobalSection
EndGlobal
